// !$*UTF8*$!
{
	archiveVersion = 1;
	classes = {
	};
	objectVersion = 46;
	objects = {

/* Begin PBXBuildFile section */
		BF1DB9AE166E917800EF717B /* XCEViewClickerWindowController.m in Sources */ = {isa = PBXBuildFile; fileRef = BF1DB9AC166E917800EF717B /* XCEViewClickerWindowController.m */; };
		BF1DB9AF166E917800EF717B /* XCEViewClickerWindowController.xib in Resources */ = {isa = PBXBuildFile; fileRef = BF1DB9AD166E917800EF717B /* XCEViewClickerWindowController.xib */; };
		BF46ED351665E5C2005C71E1 /* readme.md in Resources */ = {isa = PBXBuildFile; fileRef = BF46ED341665E5C2005C71E1 /* readme.md */; };
		BF46ED3B1665E79A005C71E1 /* XCEPlugin.m in Sources */ = {isa = PBXBuildFile; fileRef = BF46ED3A1665E79A005C71E1 /* XCEPlugin.m */; };
		BF46ED3F1665EA90005C71E1 /* XCENotificationsWindowController.m in Sources */ = {isa = PBXBuildFile; fileRef = BF46ED3D1665EA90005C71E1 /* XCENotificationsWindowController.m */; };
		BF46ED401665EA90005C71E1 /* XCENotificationsWindowController.xib in Resources */ = {isa = PBXBuildFile; fileRef = BF46ED3E1665EA90005C71E1 /* XCENotificationsWindowController.xib */; };
		BFAE66A31665E55D00F47322 /* Cocoa.framework in Frameworks */ = {isa = PBXBuildFile; fileRef = BFAE66A21665E55D00F47322 /* Cocoa.framework */; };
		BFAE66AD1665E55D00F47322 /* InfoPlist.strings in Resources */ = {isa = PBXBuildFile; fileRef = BFAE66AB1665E55D00F47322 /* InfoPlist.strings */; };
		BFF3E82E16663A6C004B8249 /* LICENSE.TXT in Resources */ = {isa = PBXBuildFile; fileRef = BFF3E82D16663A6C004B8249 /* LICENSE.TXT */; };
/* End PBXBuildFile section */

/* Begin PBXFileReference section */
		BF1DB9AB166E917800EF717B /* XCEViewClickerWindowController.h */ = {isa = PBXFileReference; fileEncoding = 4; lastKnownFileType = sourcecode.c.h; path = XCEViewClickerWindowController.h; sourceTree = "<group>"; };
		BF1DB9AC166E917800EF717B /* XCEViewClickerWindowController.m */ = {isa = PBXFileReference; fileEncoding = 4; lastKnownFileType = sourcecode.c.objc; path = XCEViewClickerWindowController.m; sourceTree = "<group>"; };
		BF1DB9AD166E917800EF717B /* XCEViewClickerWindowController.xib */ = {isa = PBXFileReference; fileEncoding = 4; lastKnownFileType = file.xib; path = XCEViewClickerWindowController.xib; sourceTree = "<group>"; };
		BF46ED341665E5C2005C71E1 /* readme.md */ = {isa = PBXFileReference; fileEncoding = 4; lastKnownFileType = text; path = readme.md; sourceTree = SOURCE_ROOT; };
		BF46ED391665E79A005C71E1 /* XCEPlugin.h */ = {isa = PBXFileReference; fileEncoding = 4; lastKnownFileType = sourcecode.c.h; path = XCEPlugin.h; sourceTree = "<group>"; };
		BF46ED3A1665E79A005C71E1 /* XCEPlugin.m */ = {isa = PBXFileReference; fileEncoding = 4; lastKnownFileType = sourcecode.c.objc; path = XCEPlugin.m; sourceTree = "<group>"; };
		BF46ED3C1665EA90005C71E1 /* XCENotificationsWindowController.h */ = {isa = PBXFileReference; fileEncoding = 4; lastKnownFileType = sourcecode.c.h; path = XCENotificationsWindowController.h; sourceTree = "<group>"; };
		BF46ED3D1665EA90005C71E1 /* XCENotificationsWindowController.m */ = {isa = PBXFileReference; fileEncoding = 4; lastKnownFileType = sourcecode.c.objc; path = XCENotificationsWindowController.m; sourceTree = "<group>"; };
		BF46ED3E1665EA90005C71E1 /* XCENotificationsWindowController.xib */ = {isa = PBXFileReference; fileEncoding = 4; lastKnownFileType = file.xib; path = XCENotificationsWindowController.xib; sourceTree = "<group>"; };
		BFAE669F1665E55D00F47322 /* XcodeExplorer.xcplugin */ = {isa = PBXFileReference; explicitFileType = wrapper.cfbundle; includeInIndex = 0; path = XcodeExplorer.xcplugin; sourceTree = BUILT_PRODUCTS_DIR; };
		BFAE66A21665E55D00F47322 /* Cocoa.framework */ = {isa = PBXFileReference; lastKnownFileType = wrapper.framework; name = Cocoa.framework; path = System/Library/Frameworks/Cocoa.framework; sourceTree = SDKROOT; };
		BFAE66A71665E55D00F47322 /* Foundation.framework */ = {isa = PBXFileReference; lastKnownFileType = wrapper.framework; name = Foundation.framework; path = System/Library/Frameworks/Foundation.framework; sourceTree = SDKROOT; };
		BFAE66AA1665E55D00F47322 /* XcodeExplorer-Info.plist */ = {isa = PBXFileReference; lastKnownFileType = text.plist.xml; path = "XcodeExplorer-Info.plist"; sourceTree = "<group>"; };
		BFAE66AC1665E55D00F47322 /* en */ = {isa = PBXFileReference; lastKnownFileType = text.plist.strings; name = en; path = en.lproj/InfoPlist.strings; sourceTree = "<group>"; };
		BFAE66AE1665E55D00F47322 /* XcodeExplorer-Prefix.pch */ = {isa = PBXFileReference; lastKnownFileType = sourcecode.c.h; path = "XcodeExplorer-Prefix.pch"; sourceTree = "<group>"; };
		BFF3E82D16663A6C004B8249 /* LICENSE.TXT */ = {isa = PBXFileReference; fileEncoding = 4; lastKnownFileType = text; path = LICENSE.TXT; sourceTree = SOURCE_ROOT; };
/* End PBXFileReference section */

/* Begin PBXFrameworksBuildPhase section */
		BFAE669C1665E55D00F47322 /* Frameworks */ = {
			isa = PBXFrameworksBuildPhase;
			buildActionMask = 2147483647;
			files = (
				BFAE66A31665E55D00F47322 /* Cocoa.framework in Frameworks */,
			);
			runOnlyForDeploymentPostprocessing = 0;
		};
/* End PBXFrameworksBuildPhase section */

/* Begin PBXGroup section */
		BF46ED381665E768005C71E1 /* Classes */ = {
			isa = PBXGroup;
			children = (
				BF46ED3C1665EA90005C71E1 /* XCENotificationsWindowController.h */,
				BF46ED3D1665EA90005C71E1 /* XCENotificationsWindowController.m */,
				BF46ED3E1665EA90005C71E1 /* XCENotificationsWindowController.xib */,
				BF1DB9AB166E917800EF717B /* XCEViewClickerWindowController.h */,
				BF1DB9AC166E917800EF717B /* XCEViewClickerWindowController.m */,
				BF1DB9AD166E917800EF717B /* XCEViewClickerWindowController.xib */,
				BF46ED391665E79A005C71E1 /* XCEPlugin.h */,
				BF46ED3A1665E79A005C71E1 /* XCEPlugin.m */,
			);
			path = Classes;
			sourceTree = SOURCE_ROOT;
		};
		BF69E4A716673E1C0045B66C /* en.lproj */ = {
			isa = PBXGroup;
			children = (
				BFAE66AB1665E55D00F47322 /* InfoPlist.strings */,
			);
			path = en.lproj;
			sourceTree = "<group>";
		};
		BFAE66941665E55D00F47322 = {
			isa = PBXGroup;
			children = (
				BFAE66A81665E55D00F47322 /* XcodeExplorer */,
				BFAE66A11665E55D00F47322 /* Frameworks */,
				BFAE66A01665E55D00F47322 /* Products */,
			);
			sourceTree = "<group>";
		};
		BFAE66A01665E55D00F47322 /* Products */ = {
			isa = PBXGroup;
			children = (
				BFAE669F1665E55D00F47322 /* XcodeExplorer.xcplugin */,
			);
			name = Products;
			sourceTree = "<group>";
		};
		BFAE66A11665E55D00F47322 /* Frameworks */ = {
			isa = PBXGroup;
			children = (
				BFAE66A71665E55D00F47322 /* Foundation.framework */,
				BFAE66A21665E55D00F47322 /* Cocoa.framework */,
			);
			name = Frameworks;
			sourceTree = "<group>";
		};
		BFAE66A81665E55D00F47322 /* XcodeExplorer */ = {
			isa = PBXGroup;
			children = (
				BF46ED381665E768005C71E1 /* Classes */,
				BFAE66A91665E55D00F47322 /* Resources */,
				BFF3E8B41666C1A5004B8249 /* Other Sources */,
				BFF3E82D16663A6C004B8249 /* LICENSE.TXT */,
				BF46ED341665E5C2005C71E1 /* readme.md */,
			);
			path = XcodeExplorer;
			sourceTree = "<group>";
		};
		BFAE66A91665E55D00F47322 /* Resources */ = {
			isa = PBXGroup;
			children = (
				BF69E4A716673E1C0045B66C /* en.lproj */,
				BFAE66AA1665E55D00F47322 /* XcodeExplorer-Info.plist */,
			);
			path = Resources;
			sourceTree = SOURCE_ROOT;
		};
		BFF3E8B41666C1A5004B8249 /* Other Sources */ = {
			isa = PBXGroup;
			children = (
				BFAE66AE1665E55D00F47322 /* XcodeExplorer-Prefix.pch */,
			);
			path = "Other Sources";
			sourceTree = SOURCE_ROOT;
		};
/* End PBXGroup section */

/* Begin PBXNativeTarget section */
		BFAE669E1665E55D00F47322 /* XcodeExplorer */ = {
			isa = PBXNativeTarget;
			buildConfigurationList = BFAE66B11665E55D00F47322 /* Build configuration list for PBXNativeTarget "XcodeExplorer" */;
			buildPhases = (
				BFAE669B1665E55D00F47322 /* Sources */,
				BFAE669C1665E55D00F47322 /* Frameworks */,
				BFAE669D1665E55D00F47322 /* Resources */,
			);
			buildRules = (
			);
			dependencies = (
			);
			name = XcodeExplorer;
			productName = XcodeExplorer;
			productReference = BFAE669F1665E55D00F47322 /* XcodeExplorer.xcplugin */;
			productType = "com.apple.product-type.bundle";
		};
/* End PBXNativeTarget section */

/* Begin PBXProject section */
		BFAE66961665E55D00F47322 /* Project object */ = {
			isa = PBXProject;
			attributes = {
				LastUpgradeCheck = 0510;
				ORGANIZATIONNAME = "BlackDog Foundry";
			};
			buildConfigurationList = BFAE66991665E55D00F47322 /* Build configuration list for PBXProject "XcodeExplorer" */;
			compatibilityVersion = "Xcode 3.2";
			developmentRegion = English;
			hasScannedForEncodings = 0;
			knownRegions = (
				en,
			);
			mainGroup = BFAE66941665E55D00F47322;
			productRefGroup = BFAE66A01665E55D00F47322 /* Products */;
			projectDirPath = "";
			projectRoot = "";
			targets = (
				BFAE669E1665E55D00F47322 /* XcodeExplorer */,
			);
		};
/* End PBXProject section */

/* Begin PBXResourcesBuildPhase section */
		BFAE669D1665E55D00F47322 /* Resources */ = {
			isa = PBXResourcesBuildPhase;
			buildActionMask = 2147483647;
			files = (
				BFAE66AD1665E55D00F47322 /* InfoPlist.strings in Resources */,
				BF46ED351665E5C2005C71E1 /* readme.md in Resources */,
				BF46ED401665EA90005C71E1 /* XCENotificationsWindowController.xib in Resources */,
				BFF3E82E16663A6C004B8249 /* LICENSE.TXT in Resources */,
				BF1DB9AF166E917800EF717B /* XCEViewClickerWindowController.xib in Resources */,
			);
			runOnlyForDeploymentPostprocessing = 0;
		};
/* End PBXResourcesBuildPhase section */

/* Begin PBXSourcesBuildPhase section */
		BFAE669B1665E55D00F47322 /* Sources */ = {
			isa = PBXSourcesBuildPhase;
			buildActionMask = 2147483647;
			files = (
				BF46ED3B1665E79A005C71E1 /* XCEPlugin.m in Sources */,
				BF46ED3F1665EA90005C71E1 /* XCENotificationsWindowController.m in Sources */,
				BF1DB9AE166E917800EF717B /* XCEViewClickerWindowController.m in Sources */,
			);
			runOnlyForDeploymentPostprocessing = 0;
		};
/* End PBXSourcesBuildPhase section */

/* Begin PBXVariantGroup section */
		BFAE66AB1665E55D00F47322 /* InfoPlist.strings */ = {
			isa = PBXVariantGroup;
			children = (
				BFAE66AC1665E55D00F47322 /* en */,
			);
			name = InfoPlist.strings;
			path = ..;
			sourceTree = "<group>";
		};
/* End PBXVariantGroup section */

/* Begin XCBuildConfiguration section */
		BFAE66AF1665E55D00F47322 /* Debug */ = {
			isa = XCBuildConfiguration;
			buildSettings = {
				ALWAYS_SEARCH_USER_PATHS = NO;
				ARCHS = "$(ARCHS_STANDARD_64_BIT)";
				CLANG_CXX_LANGUAGE_STANDARD = "gnu++0x";
				CLANG_CXX_LIBRARY = "libc++";
				CLANG_WARN_EMPTY_BODY = YES;
				CLANG_WARN__DUPLICATE_METHOD_MATCH = YES;
				COPY_PHASE_STRIP = NO;
				GCC_C_LANGUAGE_STANDARD = gnu99;
				GCC_DYNAMIC_NO_PIC = NO;
				GCC_ENABLE_OBJC_EXCEPTIONS = YES;
				GCC_OPTIMIZATION_LEVEL = 0;
				GCC_PREPROCESSOR_DEFINITIONS = (
					"DEBUG=1",
					"$(inherited)",
				);
				GCC_SYMBOLS_PRIVATE_EXTERN = NO;
				GCC_WARN_64_TO_32_BIT_CONVERSION = YES;
				GCC_WARN_ABOUT_RETURN_TYPE = YES;
				GCC_WARN_UNINITIALIZED_AUTOS = YES;
				GCC_WARN_UNUSED_VARIABLE = YES;
				MACOSX_DEPLOYMENT_TARGET = 10.7;
				ONLY_ACTIVE_ARCH = YES;
				SDKROOT = macosx;
			};
			name = Debug;
		};
		BFAE66B01665E55D00F47322 /* Release */ = {
			isa = XCBuildConfiguration;
			buildSettings = {
				ALWAYS_SEARCH_USER_PATHS = NO;
				ARCHS = "$(ARCHS_STANDARD_64_BIT)";
				CLANG_CXX_LANGUAGE_STANDARD = "gnu++0x";
				CLANG_CXX_LIBRARY = "libc++";
				CLANG_WARN_EMPTY_BODY = YES;
				CLANG_WARN__DUPLICATE_METHOD_MATCH = YES;
				COPY_PHASE_STRIP = YES;
				DEBUG_INFORMATION_FORMAT = "dwarf-with-dsym";
				GCC_C_LANGUAGE_STANDARD = gnu99;
				GCC_ENABLE_OBJC_EXCEPTIONS = YES;
				GCC_WARN_64_TO_32_BIT_CONVERSION = YES;
				GCC_WARN_ABOUT_RETURN_TYPE = YES;
				GCC_WARN_UNINITIALIZED_AUTOS = YES;
				GCC_WARN_UNUSED_VARIABLE = YES;
				MACOSX_DEPLOYMENT_TARGET = 10.7;
				SDKROOT = macosx;
			};
			name = Release;
		};
		BFAE66B21665E55D00F47322 /* Debug */ = {
			isa = XCBuildConfiguration;
			buildSettings = {
				CLANG_ENABLE_OBJC_ARC = YES;
				COMBINE_HIDPI_IMAGES = YES;
				DEPLOYMENT_LOCATION = YES;
				DSTROOT = "$(HOME)";
				GCC_ENABLE_OBJC_GC = unsupported;
				GCC_PRECOMPILE_PREFIX_HEADER = YES;
				GCC_PREFIX_HEADER = "Other Sources/XcodeExplorer-Prefix.pch";
				INFOPLIST_FILE = "Resources/XcodeExplorer-Info.plist";
				INSTALL_PATH = "/Library/Application Support/Developer/Shared/Xcode/Plug-ins";
				PRODUCT_NAME = "$(TARGET_NAME)";
				WRAPPER_EXTENSION = xcplugin;
			};
			name = Debug;
		};
		BFAE66B31665E55D00F47322 /* Release */ = {
			isa = XCBuildConfiguration;
			buildSettings = {
				CLANG_ENABLE_OBJC_ARC = YES;
				COMBINE_HIDPI_IMAGES = YES;
				DEPLOYMENT_LOCATION = YES;
				DSTROOT = "$(HOME)";
				GCC_ENABLE_OBJC_GC = unsupported;
				GCC_PRECOMPILE_PREFIX_HEADER = YES;
				GCC_PREFIX_HEADER = "Other Sources/XcodeExplorer-Prefix.pch";
				INFOPLIST_FILE = "Resources/XcodeExplorer-Info.plist";
				INSTALL_PATH = "/Library/Application Support/Developer/Shared/Xcode/Plug-ins";
				PRODUCT_NAME = "$(TARGET_NAME)";
				WRAPPER_EXTENSION = xcplugin;
			};
			name = Release;
		};
/* End XCBuildConfiguration section */

/* Begin XCConfigurationList section */
		BFAE66991665E55D00F47322 /* Build configuration list for PBXProject "XcodeExplorer" */ = {
			isa = XCConfigurationList;
			buildConfigurations = (
				BFAE66AF1665E55D00F47322 /* Debug */,
				BFAE66B01665E55D00F47322 /* Release */,
			);
			defaultConfigurationIsVisible = 0;
			defaultConfigurationName = Release;
		};
		BFAE66B11665E55D00F47322 /* Build configuration list for PBXNativeTarget "XcodeExplorer" */ = {
			isa = XCConfigurationList;
			buildConfigurations = (
				BFAE66B21665E55D00F47322 /* Debug */,
				BFAE66B31665E55D00F47322 /* Release */,
			);
			defaultConfigurationIsVisible = 0;
			defaultConfigurationName = Release;
		};
/* End XCConfigurationList section */
	};
	rootObject = BFAE66961665E55D00F47322 /* Project object */;
}
